// !$*UTF8*$!
{
	archiveVersion = 1;
	classes = {
	};
	objectVersion = 46;
	objects = {

/* Begin PBXBuildFile section */
		5652EDAB1ADEAA3F009D343E /* AppDelegate.swift in Sources */ = {isa = PBXBuildFile; fileRef = 5652EDAA1ADEAA3F009D343E /* AppDelegate.swift */; };
		5652EDAD1ADEAA3F009D343E /* ViewController.swift in Sources */ = {isa = PBXBuildFile; fileRef = 5652EDAC1ADEAA3F009D343E /* ViewController.swift */; };
		5652EDB01ADEAA3F009D343E /* Main.storyboard in Resources */ = {isa = PBXBuildFile; fileRef = 5652EDAE1ADEAA3F009D343E /* Main.storyboard */; };
		5652EDB21ADEAA3F009D343E /* Images.xcassets in Resources */ = {isa = PBXBuildFile; fileRef = 5652EDB11ADEAA3F009D343E /* Images.xcassets */; };
		5652EDB51ADEAA3F009D343E /* LaunchScreen.xib in Resources */ = {isa = PBXBuildFile; fileRef = 5652EDB31ADEAA3F009D343E /* LaunchScreen.xib */; };
		5652EDC11ADEAA3F009D343E /* PostcardTests.swift in Sources */ = {isa = PBXBuildFile; fileRef = 5652EDC01ADEAA3F009D343E /* PostcardTests.swift */; };
/* End PBXBuildFile section */

/* Begin PBXContainerItemProxy section */
		5652EDBB1ADEAA3F009D343E /* PBXContainerItemProxy */ = {
			isa = PBXContainerItemProxy;
			containerPortal = 5652ED9D1ADEAA3F009D343E /* Project object */;
			proxyType = 1;
			remoteGlobalIDString = 5652EDA41ADEAA3F009D343E;
			remoteInfo = Postcard;
		};
/* End PBXContainerItemProxy section */

/* Begin PBXFileReference section */
		5652EDA51ADEAA3F009D343E /* Postcard.app */ = {isa = PBXFileReference; explicitFileType = wrapper.application; includeInIndex = 0; path = Postcard.app; sourceTree = BUILT_PRODUCTS_DIR; };
		5652EDA91ADEAA3F009D343E /* Info.plist */ = {isa = PBXFileReference; lastKnownFileType = text.plist.xml; path = Info.plist; sourceTree = "<group>"; };
		5652EDAA1ADEAA3F009D343E /* AppDelegate.swift */ = {isa = PBXFileReference; lastKnownFileType = sourcecode.swift; path = AppDelegate.swift; sourceTree = "<group>"; };
		5652EDAC1ADEAA3F009D343E /* ViewController.swift */ = {isa = PBXFileReference; lastKnownFileType = sourcecode.swift; path = ViewController.swift; sourceTree = "<group>"; };
		5652EDAF1ADEAA3F009D343E /* Base */ = {isa = PBXFileReference; lastKnownFileType = file.storyboard; name = Base; path = Base.lproj/Main.storyboard; sourceTree = "<group>"; };
		5652EDB11ADEAA3F009D343E /* Images.xcassets */ = {isa = PBXFileReference; lastKnownFileType = folder.assetcatalog; path = Images.xcassets; sourceTree = "<group>"; };
		5652EDB41ADEAA3F009D343E /* Base */ = {isa = PBXFileReference; lastKnownFileType = file.xib; name = Base; path = Base.lproj/LaunchScreen.xib; sourceTree = "<group>"; };
		5652EDBA1ADEAA3F009D343E /* PostcardTests.xctest */ = {isa = PBXFileReference; explicitFileType = wrapper.cfbundle; includeInIndex = 0; path = PostcardTests.xctest; sourceTree = BUILT_PRODUCTS_DIR; };
		5652EDBF1ADEAA3F009D343E /* Info.plist */ = {isa = PBXFileReference; lastKnownFileType = text.plist.xml; path = Info.plist; sourceTree = "<group>"; };
		5652EDC01ADEAA3F009D343E /* PostcardTests.swift */ = {isa = PBXFileReference; lastKnownFileType = sourcecode.swift; path = PostcardTests.swift; sourceTree = "<group>"; };
/* End PBXFileReference section */

/* Begin PBXFrameworksBuildPhase section */
		5652EDA21ADEAA3F009D343E /* Frameworks */ = {
			isa = PBXFrameworksBuildPhase;
			buildActionMask = 2147483647;
			files = (
			);
			runOnlyForDeploymentPostprocessing = 0;
		};
		5652EDB71ADEAA3F009D343E /* Frameworks */ = {
			isa = PBXFrameworksBuildPhase;
			buildActionMask = 2147483647;
			files = (
			);
			runOnlyForDeploymentPostprocessing = 0;
		};
/* End PBXFrameworksBuildPhase section */

/* Begin PBXGroup section */
		5652ED9C1ADEAA3F009D343E = {
			isa = PBXGroup;
			children = (
				5652EDA71ADEAA3F009D343E /* Postcard */,
				5652EDBD1ADEAA3F009D343E /* PostcardTests */,
				5652EDA61ADEAA3F009D343E /* Products */,
			);
			sourceTree = "<group>";
		};
		5652EDA61ADEAA3F009D343E /* Products */ = {
			isa = PBXGroup;
			children = (
				5652EDA51ADEAA3F009D343E /* Postcard.app */,
				5652EDBA1ADEAA3F009D343E /* PostcardTests.xctest */,
			);
			name = Products;
			sourceTree = "<group>";
		};
		5652EDA71ADEAA3F009D343E /* Postcard */ = {
			isa = PBXGroup;
			children = (
				5652EDAA1ADEAA3F009D343E /* AppDelegate.swift */,
				5652EDAC1ADEAA3F009D343E /* ViewController.swift */,
				5652EDAE1ADEAA3F009D343E /* Main.storyboard */,
				5652EDB11ADEAA3F009D343E /* Images.xcassets */,
				5652EDB31ADEAA3F009D343E /* LaunchScreen.xib */,
				5652EDA81ADEAA3F009D343E /* Supporting Files */,
			);
			path = Postcard;
			sourceTree = "<group>";
		};
		5652EDA81ADEAA3F009D343E /* Supporting Files */ = {
			isa = PBXGroup;
			children = (
				5652EDA91ADEAA3F009D343E /* Info.plist */,
			);
			name = "Supporting Files";
			sourceTree = "<group>";
		};
		5652EDBD1ADEAA3F009D343E /* PostcardTests */ = {
			isa = PBXGroup;
			children = (
				5652EDC01ADEAA3F009D343E /* PostcardTests.swift */,
				5652EDBE1ADEAA3F009D343E /* Supporting Files */,
			);
			path = PostcardTests;
			sourceTree = "<group>";
		};
		5652EDBE1ADEAA3F009D343E /* Supporting Files */ = {
			isa = PBXGroup;
			children = (
				5652EDBF1ADEAA3F009D343E /* Info.plist */,
			);
			name = "Supporting Files";
			sourceTree = "<group>";
		};
/* End PBXGroup section */

/* Begin PBXNativeTarget section */
		5652EDA41ADEAA3F009D343E /* Postcard */ = {
			isa = PBXNativeTarget;
			buildConfigurationList = 5652EDC41ADEAA3F009D343E /* Build configuration list for PBXNativeTarget "Postcard" */;
			buildPhases = (
				5652EDA11ADEAA3F009D343E /* Sources */,
				5652EDA21ADEAA3F009D343E /* Frameworks */,
				5652EDA31ADEAA3F009D343E /* Resources */,
			);
			buildRules = (
			);
			dependencies = (
			);
			name = Postcard;
			productName = Postcard;
			productReference = 5652EDA51ADEAA3F009D343E /* Postcard.app */;
			productType = "com.apple.product-type.application";
		};
		5652EDB91ADEAA3F009D343E /* PostcardTests */ = {
			isa = PBXNativeTarget;
			buildConfigurationList = 5652EDC71ADEAA3F009D343E /* Build configuration list for PBXNativeTarget "PostcardTests" */;
			buildPhases = (
				5652EDB61ADEAA3F009D343E /* Sources */,
				5652EDB71ADEAA3F009D343E /* Frameworks */,
				5652EDB81ADEAA3F009D343E /* Resources */,
			);
			buildRules = (
			);
			dependencies = (
				5652EDBC1ADEAA3F009D343E /* PBXTargetDependency */,
			);
			name = PostcardTests;
			productName = PostcardTests;
			productReference = 5652EDBA1ADEAA3F009D343E /* PostcardTests.xctest */;
			productType = "com.apple.product-type.bundle.unit-test";
		};
/* End PBXNativeTarget section */

/* Begin PBXProject section */
		5652ED9D1ADEAA3F009D343E /* Project object */ = {
			isa = PBXProject;
			attributes = {
				LastUpgradeCheck = 0630;
				ORGANIZATIONNAME = illaigescheit;
				TargetAttributes = {
					5652EDA41ADEAA3F009D343E = {
						CreatedOnToolsVersion = 6.3;
					};
					5652EDB91ADEAA3F009D343E = {
						CreatedOnToolsVersion = 6.3;
						TestTargetID = 5652EDA41ADEAA3F009D343E;
					};
				};
			};
			buildConfigurationList = 5652EDA01ADEAA3F009D343E /* Build configuration list for PBXProject "Postcard" */;
			compatibilityVersion = "Xcode 3.2";
			developmentRegion = English;
			hasScannedForEncodings = 0;
			knownRegions = (
				en,
				Base,
			);
			mainGroup = 5652ED9C1ADEAA3F009D343E;
			productRefGroup = 5652EDA61ADEAA3F009D343E /* Products */;
			projectDirPath = "";
			projectRoot = "";
			targets = (
				5652EDA41ADEAA3F009D343E /* Postcard */,
				5652EDB91ADEAA3F009D343E /* PostcardTests */,
			);
		};
/* End PBXProject section */

/* Begin PBXResourcesBuildPhase section */
		5652EDA31ADEAA3F009D343E /* Resources */ = {
			isa = PBXResourcesBuildPhase;
			buildActionMask = 2147483647;
			files = (
				5652EDB01ADEAA3F009D343E /* Main.storyboard in Resources */,
				5652EDB51ADEAA3F009D343E /* LaunchScreen.xib in Resources */,
				5652EDB21ADEAA3F009D343E /* Images.xcassets in Resources */,
			);
			runOnlyForDeploymentPostprocessing = 0;
		};
		5652EDB81ADEAA3F009D343E /* Resources */ = {
			isa = PBXResourcesBuildPhase;
			buildActionMask = 2147483647;
			files = (
			);
			runOnlyForDeploymentPostprocessing = 0;
		};
/* End PBXResourcesBuildPhase section */

/* Begin PBXSourcesBuildPhase section */
		5652EDA11ADEAA3F009D343E /* Sources */ = {
			isa = PBXSourcesBuildPhase;
			buildActionMask = 2147483647;
			files = (
				5652EDAD1ADEAA3F009D343E /* ViewController.swift in Sources */,
				5652EDAB1ADEAA3F009D343E /* AppDelegate.swift in Sources */,
			);
			runOnlyForDeploymentPostprocessing = 0;
		};
		5652EDB61ADEAA3F009D343E /* Sources */ = {
			isa = PBXSourcesBuildPhase;
			buildActionMask = 2147483647;
			files = (
				5652EDC11ADEAA3F009D343E /* PostcardTests.swift in Sources */,
			);
			runOnlyForDeploymentPostprocessing = 0;
		};
/* End PBXSourcesBuildPhase section */

/* Begin PBXTargetDependency section */
		5652EDBC1ADEAA3F009D343E /* PBXTargetDependency */ = {
			isa = PBXTargetDependency;
			target = 5652EDA41ADEAA3F009D343E /* Postcard */;
			targetProxy = 5652EDBB1ADEAA3F009D343E /* PBXContainerItemProxy */;
		};
/* End PBXTargetDependency section */

/* Begin PBXVariantGroup section */
		5652EDAE1ADEAA3F009D343E /* Main.storyboard */ = {
			isa = PBXVariantGroup;
			children = (
				5652EDAF1ADEAA3F009D343E /* Base */,
			);
			name = Main.storyboard;
			sourceTree = "<group>";
		};
		5652EDB31ADEAA3F009D343E /* LaunchScreen.xib */ = {
			isa = PBXVariantGroup;
			children = (
				5652EDB41ADEAA3F009D343E /* Base */,
			);
			name = LaunchScreen.xib;
			sourceTree = "<group>";
		};
/* End PBXVariantGroup section */

/* Begin XCBuildConfiguration section */
		5652EDC21ADEAA3F009D343E /* Debug */ = {
			isa = XCBuildConfiguration;
			buildSettings = {
				ALWAYS_SEARCH_USER_PATHS = NO;
				CLANG_CXX_LANGUAGE_STANDARD = "gnu++0x";
				CLANG_CXX_LIBRARY = "libc++";
				CLANG_ENABLE_MODULES = YES;
				CLANG_ENABLE_OBJC_ARC = YES;
				CLANG_WARN_BOOL_CONVERSION = YES;
				CLANG_WARN_CONSTANT_CONVERSION = YES;
				CLANG_WARN_DIRECT_OBJC_ISA_USAGE = YES_ERROR;
				CLANG_WARN_EMPTY_BODY = YES;
				CLANG_WARN_ENUM_CONVERSION = YES;
				CLANG_WARN_INT_CONVERSION = YES;
				CLANG_WARN_OBJC_ROOT_CLASS = YES_ERROR;
				CLANG_WARN_UNREACHABLE_CODE = YES;
				CLANG_WARN__DUPLICATE_METHOD_MATCH = YES;
				"CODE_SIGN_IDENTITY[sdk=iphoneos*]" = "iPhone Developer";
				COPY_PHASE_STRIP = NO;
				DEBUG_INFORMATION_FORMAT = "dwarf-with-dsym";
				ENABLE_STRICT_OBJC_MSGSEND = YES;
				GCC_C_LANGUAGE_STANDARD = gnu99;
				GCC_DYNAMIC_NO_PIC = NO;
				GCC_NO_COMMON_BLOCKS = YES;
				GCC_OPTIMIZATION_LEVEL = 0;
				GCC_PREPROCESSOR_DEFINITIONS = (
					"DEBUG=1",
					"$(inherited)",
				);
				GCC_SYMBOLS_PRIVATE_EXTERN = NO;
				GCC_WARN_64_TO_32_BIT_CONVERSION = YES;
				GCC_WARN_ABOUT_RETURN_TYPE = YES_ERROR;
				GCC_WARN_UNDECLARED_SELECTOR = YES;
				GCC_WARN_UNINITIALIZED_AUTOS = YES_AGGRESSIVE;
				GCC_WARN_UNUSED_FUNCTION = YES;
				GCC_WARN_UNUSED_VARIABLE = YES;
				IPHONEOS_DEPLOYMENT_TARGET = 8.3;
				MTL_ENABLE_DEBUG_INFO = YES;
				ONLY_ACTIVE_ARCH = YES;
				SDKROOT = iphoneos;
				SWIFT_OPTIMIZATION_LEVEL = "-Onone";
				TARGETED_DEVICE_FAMILY = "1,2";
			};
			name = Debug;
		};
		5652EDC31ADEAA3F009D343E /* Release */ = {
			isa = XCBuildConfiguration;
			buildSettings = {
				ALWAYS_SEARCH_USER_PATHS = NO;
				CLANG_CXX_LANGUAGE_STANDARD = "gnu++0x";
				CLANG_CXX_LIBRARY = "libc++";
				CLANG_ENABLE_MODULES = YES;
				CLANG_ENABLE_OBJC_ARC = YES;
				CLANG_WARN_BOOL_CONVERSION = YES;
				CLANG_WARN_CONSTANT_CONVERSION = YES;
				CLANG_WARN_DIRECT_OBJC_ISA_USAGE = YES_ERROR;
				CLANG_WARN_EMPTY_BODY = YES;
				CLANG_WARN_ENUM_CONVERSION = YES;
				CLANG_WARN_INT_CONVERSION = YES;
				CLANG_WARN_OBJC_ROOT_CLASS = YES_ERROR;
				CLANG_WARN_UNREACHABLE_CODE = YES;
				CLANG_WARN__DUPLICATE_METHOD_MATCH = YES;
				"CODE_SIGN_IDENTITY[sdk=iphoneos*]" = "iPhone Developer";
				COPY_PHASE_STRIP = NO;
				DEBUG_INFORMATION_FORMAT = "dwarf-with-dsym";
				ENABLE_NS_ASSERTIONS = NO;
				ENABLE_STRICT_OBJC_MSGSEND = YES;
				GCC_C_LANGUAGE_STANDARD = gnu99;
				GCC_NO_COMMON_BLOCKS = YES;
				GCC_WARN_64_TO_32_BIT_CONVERSION = YES;
				GCC_WARN_ABOUT_RETURN_TYPE = YES_ERROR;
				GCC_WARN_UNDECLARED_SELECTOR = YES;
				GCC_WARN_UNINITIALIZED_AUTOS = YES_AGGRESSIVE;
				GCC_WARN_UNUSED_FUNCTION = YES;
				GCC_WARN_UNUSED_VARIABLE = YES;
				IPHONEOS_DEPLOYMENT_TARGET = 8.3;
				MTL_ENABLE_DEBUG_INFO = NO;
				SDKROOT = iphoneos;
				TARGETED_DEVICE_FAMILY = "1,2";
				VALIDATE_PRODUCT = YES;
			};
			name = Release;
		};
		5652EDC51ADEAA3F009D343E /* Debug */ = {
			isa = XCBuildConfiguration;
			buildSettings = {
				ASSETCATALOG_COMPILER_APPICON_NAME = AppIcon;
				INFOPLIST_FILE = Postcard/Info.plist;
				LD_RUNPATH_SEARCH_PATHS = "$(inherited) @executable_path/Frameworks";
				PRODUCT_NAME = "$(TARGET_NAME)";
			};
			name = Debug;
		};
		5652EDC61ADEAA3F009D343E /* Release */ = {
			isa = XCBuildConfiguration;
			buildSettings = {
				ASSETCATALOG_COMPILER_APPICON_NAME = AppIcon;
				INFOPLIST_FILE = Postcard/Info.plist;
				LD_RUNPATH_SEARCH_PATHS = "$(inherited) @executable_path/Frameworks";
				PRODUCT_NAME = "$(TARGET_NAME)";
			};
			name = Release;
		};
		5652EDC81ADEAA3F009D343E /* Debug */ = {
			isa = XCBuildConfiguration;
			buildSettings = {
				BUNDLE_LOADER = "$(TEST_HOST)";
				FRAMEWORK_SEARCH_PATHS = (
					"$(SDKROOT)/Developer/Library/Frameworks",
					"$(inherited)",
				);
				GCC_PREPROCESSOR_DEFINITIONS = (
					"DEBUG=1",
					"$(inherited)",
				);
				INFOPLIST_FILE = PostcardTests/Info.plist;
				LD_RUNPATH_SEARCH_PATHS = "$(inherited) @executable_path/Frameworks @loader_path/Frameworks";
				PRODUCT_NAME = "$(TARGET_NAME)";
				TEST_HOST = "$(BUILT_PRODUCTS_DIR)/Postcard.app/Postcard";
			};
			name = Debug;
		};
		5652EDC91ADEAA3F009D343E /* Release */ = {
			isa = XCBuildConfiguration;
			buildSettings = {
				BUNDLE_LOADER = "$(TEST_HOST)";
				FRAMEWORK_SEARCH_PATHS = (
					"$(SDKROOT)/Developer/Library/Frameworks",
					"$(inherited)",
				);
				INFOPLIST_FILE = PostcardTests/Info.plist;
				LD_RUNPATH_SEARCH_PATHS = "$(inherited) @executable_path/Frameworks @loader_path/Frameworks";
				PRODUCT_NAME = "$(TARGET_NAME)";
				TEST_HOST = "$(BUILT_PRODUCTS_DIR)/Postcard.app/Postcard";
			};
			name = Release;
		};
/* End XCBuildConfiguration section */

/* Begin XCConfigurationList section */
		5652EDA01ADEAA3F009D343E /* Build configuration list for PBXProject "Postcard" */ = {
			isa = XCConfigurationList;
			buildConfigurations = (
				5652EDC21ADEAA3F009D343E /* Debug */,
				5652EDC31ADEAA3F009D343E /* Release */,
			);
			defaultConfigurationIsVisible = 0;
			defaultConfigurationName = Release;
		};
		5652EDC41ADEAA3F009D343E /* Build configuration list for PBXNativeTarget "Postcard" */ = {
			isa = XCConfigurationList;
			buildConfigurations = (
				5652EDC51ADEAA3F009D343E /* Debug */,
				5652EDC61ADEAA3F009D343E /* Release */,
			);
			defaultConfigurationIsVisible = 0;
		};
		5652EDC71ADEAA3F009D343E /* Build configuration list for PBXNativeTarget "PostcardTests" */ = {
			isa = XCConfigurationList;
			buildConfigurations = (
				5652EDC81ADEAA3F009D343E /* Debug */,
				5652EDC91ADEAA3F009D343E /* Release */,
			);
			defaultConfigurationIsVisible = 0;
		};
/* End XCConfigurationList section */
	};
	rootObject = 5652ED9D1ADEAA3F009D343E /* Project object */;
}
